
Microsoft Visual Studio Solution File, Format Version 12.00
# Visual Studio Version 17
VisualStudioVersion = 17.3.32901.215
MinimumVisualStudioVersion = 10.0.40219.1
Project("{FAE04EC0-301F-11D3-BF4B-00C04F79EFBC}") = "16.2", "16.2\16.2.csproj", "{BD080F78-6355-46DA-8B0F-388BE935B770}"
EndProject
Global
	GlobalSection(SolutionConfigurationPlatforms) = preSolution
		Debug|Any CPU = Debug|Any CPU
		Release|Any CPU = Release|Any CPU
	EndGlobalSection
	GlobalSection(ProjectConfigurationPlatforms) = postSolution
		{BD080F78-6355-46DA-8B0F-388BE935B770}.Debug|Any CPU.ActiveCfg = Debug|Any CPU
		{BD080F78-6355-46DA-8B0F-388BE935B770}.Debug|Any CPU.Build.0 = Debug|Any CPU
		{BD080F78-6355-46DA-8B0F-388BE935B770}.Release|Any CPU.ActiveCfg = Release|Any CPU
		{BD080F78-6355-46DA-8B0F-388BE935B770}.Release|Any CPU.Build.0 = Release|Any CPU
	EndGlobalSection
	GlobalSection(SolutionProperties) = preSolution
		HideSolutionNode = FALSE
	EndGlobalSection
	GlobalSection(ExtensibilityGlobals) = postSolution
		SolutionGuid = {65E7A8AC-22D7-4CF9-878C-4B57DC8DAC2F}
	EndGlobalSection
EndGlobal
